
Microsoft Visual Studio Solution File, Format Version 12.00
# Visual Studio Version 17
VisualStudioVersion = 17.6.33723.286
MinimumVisualStudioVersion = 10.0.40219.1
Project("{8BC9CEB8-8B4A-11D0-8D11-00A0C91BC942}") = "Lab17-18", "Lab17-18\Lab17-18.vcxproj", "{2FAD648C-3788-4239-A330-C46B0B6680C0}"
EndProject
Project("{8BC9CEB8-8B4A-11D0-8D11-00A0C91BC942}") = "Lab19-20", "Lab19-20\Lab19-20.vcxproj", "{5E358B1C-37A5-437A-BA31-A17D4EC6445D}"
EndProject
Project("{8BC9CEB8-8B4A-11D0-8D11-00A0C91BC942}") = "Lab22-23", "Lab22-23\Lab22-23.vcxproj", "{B64B88CA-052E-4ECF-8D30-3AFF67772F1E}"
EndProject
Project("{8BC9CEB8-8B4A-11D0-8D11-00A0C91BC942}") = "Lab24", "Lab24\Lab24.vcxproj", "{44F39F8A-5C61-4998-8C04-8A4AC2A49249}"
EndProject
Project("{8BC9CEB8-8B4A-11D0-8D11-00A0C91BC942}") = "PracticeExceptions", "PracticeExceptions\PracticeExceptions.vcxproj", "{99008175-E8D6-4E9D-8233-A0A619C9EF15}"
EndProject
Project("{8BC9CEB8-8B4A-11D0-8D11-00A0C91BC942}") = "Lab25", "Lab25\Lab25.vcxproj", "{A9E285DC-4BFA-46CD-89D6-506C36464882}"
EndProject
Global
	GlobalSection(SolutionConfigurationPlatforms) = preSolution
		Debug|x64 = Debug|x64
		Debug|x86 = Debug|x86
		Release|x64 = Release|x64
		Release|x86 = Release|x86
	EndGlobalSection
	GlobalSection(ProjectConfigurationPlatforms) = postSolution
		{2FAD648C-3788-4239-A330-C46B0B6680C0}.Debug|x64.ActiveCfg = Debug|x64
		{2FAD648C-3788-4239-A330-C46B0B6680C0}.Debug|x64.Build.0 = Debug|x64
		{2FAD648C-3788-4239-A330-C46B0B6680C0}.Debug|x86.ActiveCfg = Debug|Win32
		{2FAD648C-3788-4239-A330-C46B0B6680C0}.Debug|x86.Build.0 = Debug|Win32
		{2FAD648C-3788-4239-A330-C46B0B6680C0}.Release|x64.ActiveCfg = Release|x64
		{2FAD648C-3788-4239-A330-C46B0B6680C0}.Release|x64.Build.0 = Release|x64
		{2FAD648C-3788-4239-A330-C46B0B6680C0}.Release|x86.ActiveCfg = Release|Win32
		{2FAD648C-3788-4239-A330-C46B0B6680C0}.Release|x86.Build.0 = Release|Win32
		{5E358B1C-37A5-437A-BA31-A17D4EC6445D}.Debug|x64.ActiveCfg = Debug|x64
		{5E358B1C-37A5-437A-BA31-A17D4EC6445D}.Debug|x64.Build.0 = Debug|x64
		{5E358B1C-37A5-437A-BA31-A17D4EC6445D}.Debug|x86.ActiveCfg = Debug|Win32
		{5E358B1C-37A5-437A-BA31-A17D4EC6445D}.Debug|x86.Build.0 = Debug|Win32
		{5E358B1C-37A5-437A-BA31-A17D4EC6445D}.Release|x64.ActiveCfg = Release|x64
		{5E358B1C-37A5-437A-BA31-A17D4EC6445D}.Release|x64.Build.0 = Release|x64
		{5E358B1C-37A5-437A-BA31-A17D4EC6445D}.Release|x86.ActiveCfg = Release|Win32
		{5E358B1C-37A5-437A-BA31-A17D4EC6445D}.Release|x86.Build.0 = Release|Win32
		{B64B88CA-052E-4ECF-8D30-3AFF67772F1E}.Debug|x64.ActiveCfg = Debug|x64
		{B64B88CA-052E-4ECF-8D30-3AFF67772F1E}.Debug|x64.Build.0 = Debug|x64
		{B64B88CA-052E-4ECF-8D30-3AFF67772F1E}.Debug|x86.ActiveCfg = Debug|Win32
		{B64B88CA-052E-4ECF-8D30-3AFF67772F1E}.Debug|x86.Build.0 = Debug|Win32
		{B64B88CA-052E-4ECF-8D30-3AFF67772F1E}.Release|x64.ActiveCfg = Release|x64
		{B64B88CA-052E-4ECF-8D30-3AFF67772F1E}.Release|x64.Build.0 = Release|x64
		{B64B88CA-052E-4ECF-8D30-3AFF67772F1E}.Release|x86.ActiveCfg = Release|Win32
		{B64B88CA-052E-4ECF-8D30-3AFF67772F1E}.Release|x86.Build.0 = Release|Win32
		{44F39F8A-5C61-4998-8C04-8A4AC2A49249}.Debug|x64.ActiveCfg = Debug|x64
		{44F39F8A-5C61-4998-8C04-8A4AC2A49249}.Debug|x64.Build.0 = Debug|x64
		{44F39F8A-5C61-4998-8C04-8A4AC2A49249}.Debug|x86.ActiveCfg = Debug|Win32
		{44F39F8A-5C61-4998-8C04-8A4AC2A49249}.Debug|x86.Build.0 = Debug|Win32
		{44F39F8A-5C61-4998-8C04-8A4AC2A49249}.Release|x64.ActiveCfg = Release|x64
		{44F39F8A-5C61-4998-8C04-8A4AC2A49249}.Release|x64.Build.0 = Release|x64
		{44F39F8A-5C61-4998-8C04-8A4AC2A49249}.Release|x86.ActiveCfg = Release|Win32
		{44F39F8A-5C61-4998-8C04-8A4AC2A49249}.Release|x86.Build.0 = Release|Win32
		{99008175-E8D6-4E9D-8233-A0A619C9EF15}.Debug|x64.ActiveCfg = Debug|x64
		{99008175-E8D6-4E9D-8233-A0A619C9EF15}.Debug|x64.Build.0 = Debug|x64
		{99008175-E8D6-4E9D-8233-A0A619C9EF15}.Debug|x86.ActiveCfg = Debug|Win32
		{99008175-E8D6-4E9D-8233-A0A619C9EF15}.Debug|x86.Build.0 = Debug|Win32
		{99008175-E8D6-4E9D-8233-A0A619C9EF15}.Release|x64.ActiveCfg = Release|x64
		{99008175-E8D6-4E9D-8233-A0A619C9EF15}.Release|x64.Build.0 = Release|x64
		{99008175-E8D6-4E9D-8233-A0A619C9EF15}.Release|x86.ActiveCfg = Release|Win32
		{99008175-E8D6-4E9D-8233-A0A619C9EF15}.Release|x86.Build.0 = Release|Win32
		{A9E285DC-4BFA-46CD-89D6-506C36464882}.Debug|x64.ActiveCfg = Debug|x64
		{A9E285DC-4BFA-46CD-89D6-506C36464882}.Debug|x64.Build.0 = Debug|x64
		{A9E285DC-4BFA-46CD-89D6-506C36464882}.Debug|x86.ActiveCfg = Debug|Win32
		{A9E285DC-4BFA-46CD-89D6-506C36464882}.Debug|x86.Build.0 = Debug|Win32
		{A9E285DC-4BFA-46CD-89D6-506C36464882}.Release|x64.ActiveCfg = Release|x64
		{A9E285DC-4BFA-46CD-89D6-506C36464882}.Release|x64.Build.0 = Release|x64
		{A9E285DC-4BFA-46CD-89D6-506C36464882}.Release|x86.ActiveCfg = Release|Win32
		{A9E285DC-4BFA-46CD-89D6-506C36464882}.Release|x86.Build.0 = Release|Win32
	EndGlobalSection
	GlobalSection(SolutionProperties) = preSolution
		HideSolutionNode = FALSE
	EndGlobalSection
	GlobalSection(ExtensibilityGlobals) = postSolution
		SolutionGuid = {29F7B372-A28B-495B-BCE5-A48C7968650F}
	EndGlobalSection
EndGlobal
